
Microsoft Visual Studio Solution File, Format Version 12.00
# Visual Studio Version 16
VisualStudioVersion = 16.0.29709.97
MinimumVisualStudioVersion = 10.0.40219.1
Project("{FAE04EC0-301F-11D3-BF4B-00C04F79EFBC}") = "SnzsltFinalProject", "SnzsltFinalProject.csproj", "{3A322589-A18D-4454-83C0-2D83227EAEBE}"
EndProject
Global
	GlobalSection(SolutionConfigurationPlatforms) = preSolution
		Debug|Any CPU = Debug|Any CPU
		Release|Any CPU = Release|Any CPU
	EndGlobalSection
	GlobalSection(ProjectConfigurationPlatforms) = postSolution
		{3A322589-A18D-4454-83C0-2D83227EAEBE}.Debug|Any CPU.ActiveCfg = Debug|Any CPU
		{3A322589-A18D-4454-83C0-2D83227EAEBE}.Debug|Any CPU.Build.0 = Debug|Any CPU
		{3A322589-A18D-4454-83C0-2D83227EAEBE}.Release|Any CPU.ActiveCfg = Release|Any CPU
		{3A322589-A18D-4454-83C0-2D83227EAEBE}.Release|Any CPU.Build.0 = Release|Any CPU
	EndGlobalSection
	GlobalSection(SolutionProperties) = preSolution
		HideSolutionNode = FALSE
	EndGlobalSection
	GlobalSection(ExtensibilityGlobals) = postSolution
		SolutionGuid = {9A94091B-7A1E-448B-83E8-C4737B0F0BBF}
	EndGlobalSection
EndGlobal
